
Microsoft Visual Studio Solution File, Format Version 12.00
# Visual Studio Version 17
VisualStudioVersion = 17.0.31903.59
MinimumVisualStudioVersion = 10.0.40219.1

# Solution Folders
Project("{2150E333-8FDC-42A3-9474-1A3956D46DE8}") = "src", "src", "{A1B2C3D4-0001-0000-0000-000000000001}"
EndProject
Project("{2150E333-8FDC-42A3-9474-1A3956D46DE8}") = "Shared", "Shared", "{A1B2C3D4-0002-0000-0000-000000000001}"
EndProject
Project("{2150E333-8FDC-42A3-9474-1A3956D46DE8}") = "ApiGateway", "ApiGateway", "{A1B2C3D4-0003-0000-0000-000000000001}"
EndProject
Project("{2150E333-8FDC-42A3-9474-1A3956D46DE8}") = "Services", "Services", "{A1B2C3D4-0004-0000-0000-000000000001}"
EndProject
Project("{E53339B2-1760-4266-BCC7-CA923CBCF16C}") = "infrastructure", "infrastructure\infrastructure.dcproj", "{D8E5F6A7-1B2C-3D4E-5F6A-7B8C9D0E1F2A}"
EndProject

# Shared Projects
Project("{FAE04EC0-301F-11D3-BF4B-00C04F79EFBC}") = "Domeo.Shared.Kernel", "src\Shared\Domeo.Shared.Kernel\Domeo.Shared.Kernel.csproj", "{B1B2C3D4-0001-0000-0000-000000000001}"
EndProject
Project("{FAE04EC0-301F-11D3-BF4B-00C04F79EFBC}") = "Domeo.Shared.Contracts", "src\Shared\Domeo.Shared.Contracts\Domeo.Shared.Contracts.csproj", "{B1B2C3D4-0002-0000-0000-000000000001}"
EndProject
Project("{FAE04EC0-301F-11D3-BF4B-00C04F79EFBC}") = "Domeo.Shared.Infrastructure", "src\Shared\Domeo.Shared.Infrastructure\Domeo.Shared.Infrastructure.csproj", "{B1B2C3D4-0003-0000-0000-000000000001}"
EndProject
Project("{FAE04EC0-301F-11D3-BF4B-00C04F79EFBC}") = "Domeo.Shared.Auth", "src\Shared\Domeo.Shared.Auth\Domeo.Shared.Auth.csproj", "{B1B2C3D4-0004-0000-0000-000000000001}"
EndProject

# API Gateway
Project("{FAE04EC0-301F-11D3-BF4B-00C04F79EFBC}") = "Domeo.ApiGateway", "src\ApiGateway\Domeo.ApiGateway\Domeo.ApiGateway.csproj", "{C1B2C3D4-0001-0000-0000-000000000001}"
EndProject

# Services
Project("{FAE04EC0-301F-11D3-BF4B-00C04F79EFBC}") = "Auth.API", "src\Services\Auth\Auth.API\Auth.API.csproj", "{D1B2C3D4-0001-0000-0000-000000000001}"
EndProject
Project("{FAE04EC0-301F-11D3-BF4B-00C04F79EFBC}") = "Users.API", "src\Services\Users\Users.API\Users.API.csproj", "{D1B2C3D4-0002-0000-0000-000000000001}"
EndProject
Project("{FAE04EC0-301F-11D3-BF4B-00C04F79EFBC}") = "Projects.API", "src\Services\Projects\Projects.API\Projects.API.csproj", "{D1B2C3D4-0003-0000-0000-000000000001}"
EndProject
Project("{FAE04EC0-301F-11D3-BF4B-00C04F79EFBC}") = "Cabinets.API", "src\Services\Cabinets\Cabinets.API\Cabinets.API.csproj", "{D1B2C3D4-0004-0000-0000-000000000001}"
EndProject
Project("{FAE04EC0-301F-11D3-BF4B-00C04F79EFBC}") = "Catalog.API", "src\Services\Catalog\Catalog.API\Catalog.API.csproj", "{D1B2C3D4-0005-0000-0000-000000000001}"
EndProject

Global
	GlobalSection(SolutionConfigurationPlatforms) = preSolution
		Debug|Any CPU = Debug|Any CPU
		Release|Any CPU = Release|Any CPU
	EndGlobalSection
	GlobalSection(ProjectConfigurationPlatforms) = postSolution
		{B1B2C3D4-0001-0000-0000-000000000001}.Debug|Any CPU.ActiveCfg = Debug|Any CPU
		{B1B2C3D4-0001-0000-0000-000000000001}.Debug|Any CPU.Build.0 = Debug|Any CPU
		{B1B2C3D4-0001-0000-0000-000000000001}.Release|Any CPU.ActiveCfg = Release|Any CPU
		{B1B2C3D4-0001-0000-0000-000000000001}.Release|Any CPU.Build.0 = Release|Any CPU
		{B1B2C3D4-0002-0000-0000-000000000001}.Debug|Any CPU.ActiveCfg = Debug|Any CPU
		{B1B2C3D4-0002-0000-0000-000000000001}.Debug|Any CPU.Build.0 = Debug|Any CPU
		{B1B2C3D4-0002-0000-0000-000000000001}.Release|Any CPU.ActiveCfg = Release|Any CPU
		{B1B2C3D4-0002-0000-0000-000000000001}.Release|Any CPU.Build.0 = Release|Any CPU
		{B1B2C3D4-0003-0000-0000-000000000001}.Debug|Any CPU.ActiveCfg = Debug|Any CPU
		{B1B2C3D4-0003-0000-0000-000000000001}.Debug|Any CPU.Build.0 = Debug|Any CPU
		{B1B2C3D4-0003-0000-0000-000000000001}.Release|Any CPU.ActiveCfg = Release|Any CPU
		{B1B2C3D4-0003-0000-0000-000000000001}.Release|Any CPU.Build.0 = Release|Any CPU
		{B1B2C3D4-0004-0000-0000-000000000001}.Debug|Any CPU.ActiveCfg = Debug|Any CPU
		{B1B2C3D4-0004-0000-0000-000000000001}.Debug|Any CPU.Build.0 = Debug|Any CPU
		{B1B2C3D4-0004-0000-0000-000000000001}.Release|Any CPU.ActiveCfg = Release|Any CPU
		{B1B2C3D4-0004-0000-0000-000000000001}.Release|Any CPU.Build.0 = Release|Any CPU
		{C1B2C3D4-0001-0000-0000-000000000001}.Debug|Any CPU.ActiveCfg = Debug|Any CPU
		{C1B2C3D4-0001-0000-0000-000000000001}.Debug|Any CPU.Build.0 = Debug|Any CPU
		{C1B2C3D4-0001-0000-0000-000000000001}.Release|Any CPU.ActiveCfg = Release|Any CPU
		{C1B2C3D4-0001-0000-0000-000000000001}.Release|Any CPU.Build.0 = Release|Any CPU
		{D1B2C3D4-0001-0000-0000-000000000001}.Debug|Any CPU.ActiveCfg = Debug|Any CPU
		{D1B2C3D4-0001-0000-0000-000000000001}.Debug|Any CPU.Build.0 = Debug|Any CPU
		{D1B2C3D4-0001-0000-0000-000000000001}.Release|Any CPU.ActiveCfg = Release|Any CPU
		{D1B2C3D4-0001-0000-0000-000000000001}.Release|Any CPU.Build.0 = Release|Any CPU
		{D1B2C3D4-0002-0000-0000-000000000001}.Debug|Any CPU.ActiveCfg = Debug|Any CPU
		{D1B2C3D4-0002-0000-0000-000000000001}.Debug|Any CPU.Build.0 = Debug|Any CPU
		{D1B2C3D4-0002-0000-0000-000000000001}.Release|Any CPU.ActiveCfg = Release|Any CPU
		{D1B2C3D4-0002-0000-0000-000000000001}.Release|Any CPU.Build.0 = Release|Any CPU
		{D1B2C3D4-0003-0000-0000-000000000001}.Debug|Any CPU.ActiveCfg = Debug|Any CPU
		{D1B2C3D4-0003-0000-0000-000000000001}.Debug|Any CPU.Build.0 = Debug|Any CPU
		{D1B2C3D4-0003-0000-0000-000000000001}.Release|Any CPU.ActiveCfg = Release|Any CPU
		{D1B2C3D4-0003-0000-0000-000000000001}.Release|Any CPU.Build.0 = Release|Any CPU
		{D1B2C3D4-0004-0000-0000-000000000001}.Debug|Any CPU.ActiveCfg = Debug|Any CPU
		{D1B2C3D4-0004-0000-0000-000000000001}.Debug|Any CPU.Build.0 = Debug|Any CPU
		{D1B2C3D4-0004-0000-0000-000000000001}.Release|Any CPU.ActiveCfg = Release|Any CPU
		{D1B2C3D4-0004-0000-0000-000000000001}.Release|Any CPU.Build.0 = Release|Any CPU
		{D1B2C3D4-0005-0000-0000-000000000001}.Debug|Any CPU.ActiveCfg = Debug|Any CPU
		{D1B2C3D4-0005-0000-0000-000000000001}.Debug|Any CPU.Build.0 = Debug|Any CPU
		{D1B2C3D4-0005-0000-0000-000000000001}.Release|Any CPU.ActiveCfg = Release|Any CPU
		{D1B2C3D4-0005-0000-0000-000000000001}.Release|Any CPU.Build.0 = Release|Any CPU
		{D8E5F6A7-1B2C-3D4E-5F6A-7B8C9D0E1F2A}.Debug|Any CPU.ActiveCfg = Debug|Any CPU
		{D8E5F6A7-1B2C-3D4E-5F6A-7B8C9D0E1F2A}.Debug|Any CPU.Build.0 = Debug|Any CPU
		{D8E5F6A7-1B2C-3D4E-5F6A-7B8C9D0E1F2A}.Release|Any CPU.ActiveCfg = Release|Any CPU
		{D8E5F6A7-1B2C-3D4E-5F6A-7B8C9D0E1F2A}.Release|Any CPU.Build.0 = Release|Any CPU
	EndGlobalSection
	GlobalSection(NestedProjects) = preSolution
		{A1B2C3D4-0002-0000-0000-000000000001} = {A1B2C3D4-0001-0000-0000-000000000001}
		{A1B2C3D4-0003-0000-0000-000000000001} = {A1B2C3D4-0001-0000-0000-000000000001}
		{A1B2C3D4-0004-0000-0000-000000000001} = {A1B2C3D4-0001-0000-0000-000000000001}
		{B1B2C3D4-0001-0000-0000-000000000001} = {A1B2C3D4-0002-0000-0000-000000000001}
		{B1B2C3D4-0002-0000-0000-000000000001} = {A1B2C3D4-0002-0000-0000-000000000001}
		{B1B2C3D4-0003-0000-0000-000000000001} = {A1B2C3D4-0002-0000-0000-000000000001}
		{B1B2C3D4-0004-0000-0000-000000000001} = {A1B2C3D4-0002-0000-0000-000000000001}
		{C1B2C3D4-0001-0000-0000-000000000001} = {A1B2C3D4-0003-0000-0000-000000000001}
		{D1B2C3D4-0001-0000-0000-000000000001} = {A1B2C3D4-0004-0000-0000-000000000001}
		{D1B2C3D4-0002-0000-0000-000000000001} = {A1B2C3D4-0004-0000-0000-000000000001}
		{D1B2C3D4-0003-0000-0000-000000000001} = {A1B2C3D4-0004-0000-0000-000000000001}
		{D1B2C3D4-0004-0000-0000-000000000001} = {A1B2C3D4-0004-0000-0000-000000000001}
		{D1B2C3D4-0005-0000-0000-000000000001} = {A1B2C3D4-0004-0000-0000-000000000001}
	EndGlobalSection
EndGlobal
