
Microsoft Visual Studio Solution File, Format Version 12.00
# Visual Studio Version 17
VisualStudioVersion = 17.0.31903.59
MinimumVisualStudioVersion = 10.0.40219.1
Project("{2150E333-8FDC-42A3-9474-1A3956D46DE8}") = "src", "src", "{A1B2C3D4-0001-0000-0000-000000000001}"
EndProject
Project("{2150E333-8FDC-42A3-9474-1A3956D46DE8}") = "Shared", "Shared", "{A1B2C3D4-0002-0000-0000-000000000001}"
EndProject
Project("{2150E333-8FDC-42A3-9474-1A3956D46DE8}") = "ApiGateway", "ApiGateway", "{A1B2C3D4-0003-0000-0000-000000000001}"
EndProject
Project("{2150E333-8FDC-42A3-9474-1A3956D46DE8}") = "Services", "Services", "{A1B2C3D4-0004-0000-0000-000000000001}"
EndProject
Project("{E53339B2-1760-4266-BCC7-CA923CBCF16C}") = "infrastructure", "infrastructure\infrastructure.dcproj", "{D8E5F6A7-1B2C-3D4E-5F6A-7B8C9D0E1F2A}"
EndProject
Project("{FAE04EC0-301F-11D3-BF4B-00C04F79EFBC}") = "Domeo.ApiGateway", "src\ApiGateway\Domeo.ApiGateway\Domeo.ApiGateway.csproj", "{C1B2C3D4-0001-0000-0000-000000000001}"
EndProject
Project("{FAE04EC0-301F-11D3-BF4B-00C04F79EFBC}") = "Clients.API", "src\Services\Clients\Clients.API\Clients.API.csproj", "{D1B2C3D4-0007-0000-0000-000000000001}"
EndProject
Project("{FAE04EC0-301F-11D3-BF4B-00C04F79EFBC}") = "Modules.API", "src\Services\Modules\Modules.API\Modules.API.csproj", "{D1B2C3D4-0009-0000-0000-000000000001}"
EndProject
Project("{2150E333-8FDC-42A3-9474-1A3956D46DE8}") = "Projects", "Projects", "{F815D76B-7233-1BF6-F864-E6B3BAFC1A20}"
EndProject
Project("{FAE04EC0-301F-11D3-BF4B-00C04F79EFBC}") = "Projects.API", "src\Services\Projects\Projects.API\Projects.API.csproj", "{2E32146B-B973-411D-A4AD-D2A09F4FB336}"
EndProject
Project("{2150E333-8FDC-42A3-9474-1A3956D46DE8}") = "Modules", "Modules", "{E37856A1-D8E5-A351-1D14-E40614429F7E}"
EndProject
Project("{FAE04EC0-301F-11D3-BF4B-00C04F79EFBC}") = "Modules.Abstractions", "src\Services\Modules\Modules.Abstractions\Modules.Abstractions.csproj", "{98D1E135-BB4B-4834-999E-8699A15BEA80}"
EndProject
Project("{2150E333-8FDC-42A3-9474-1A3956D46DE8}") = "Clients", "Clients", "{654BA843-216D-2CFB-769C-13CCF46B4AFB}"
EndProject
Project("{FAE04EC0-301F-11D3-BF4B-00C04F79EFBC}") = "Clients.Abstractions", "src\Services\Clients\Clients.Abstractions\Clients.Abstractions.csproj", "{E28F7058-6D72-4F5B-AA31-1C05382C0DEB}"
EndProject
Project("{2150E333-8FDC-42A3-9474-1A3956D46DE8}") = "Audit", "Audit", "{15A261CA-6950-6683-45D2-86438F894F2D}"
EndProject
Project("{FAE04EC0-301F-11D3-BF4B-00C04F79EFBC}") = "Audit.Abstractions", "src\Services\Audit\Audit.Abstractions\Audit.Abstractions.csproj", "{9FDB7C10-B3E8-483C-8134-EBD22177BF58}"
EndProject
Project("{FAE04EC0-301F-11D3-BF4B-00C04F79EFBC}") = "Audit.API", "src\Services\Audit\Audit.API\Audit.API.csproj", "{D33EB974-08C5-4278-866D-063B3B5C9923}"
EndProject
Project("{2150E333-8FDC-42A3-9474-1A3956D46DE8}") = "Auth", "Auth", "{5D2E74F6-5D77-6CC1-6422-882C3B01A500}"
EndProject
Project("{FAE04EC0-301F-11D3-BF4B-00C04F79EFBC}") = "Auth.API", "src\Services\Auth\Auth.API\Auth.API.csproj", "{85C8A97A-F12F-4AE6-8F7A-F5A18466F2D5}"
EndProject
Project("{2150E333-8FDC-42A3-9474-1A3956D46DE8}") = "Materials", "Materials", "{21FA1D81-903F-8AD4-2DFF-27BE248B6A17}"
EndProject
Project("{FAE04EC0-301F-11D3-BF4B-00C04F79EFBC}") = "Materials.Abstractions", "src\Services\Materials\Materials.Abstractions\Materials.Abstractions.csproj", "{7AEBAC93-63DC-460D-8BE8-705863807CF8}"
EndProject
Project("{FAE04EC0-301F-11D3-BF4B-00C04F79EFBC}") = "Materials.API", "src\Services\Materials\Materials.API\Materials.API.csproj", "{6D73790A-E40A-46EA-8410-D17C963CB9FB}"
EndProject
Project("{2150E333-8FDC-42A3-9474-1A3956D46DE8}") = "mocks", "mocks", "{538F2A43-6114-6D32-FD9B-C27BFA77DD39}"
EndProject
Project("{FAE04EC0-301F-11D3-BF4B-00C04F79EFBC}") = "MockAuthCenter.API", "mocks\MockAuthCenter\MockAuthCenter.API\MockAuthCenter.API.csproj", "{0E224ED5-64A6-4EF1-A6AD-D53BA6DC0A20}"
EndProject
Project("{FAE04EC0-301F-11D3-BF4B-00C04F79EFBC}") = "MockSupplier.API", "mocks\MockSupplier\MockSupplier.API\MockSupplier.API.csproj", "{42FDA7B4-208B-4C15-ABB2-3B0EA185A7A4}"
EndProject
Project("{FAE04EC0-301F-11D3-BF4B-00C04F79EFBC}") = "Auth.Contracts", "src\Services\Auth\Auth.Contracts\Auth.Contracts.csproj", "{92E2AF55-DF37-46AD-8A74-2958DBB7559A}"
EndProject
Project("{FAE04EC0-301F-11D3-BF4B-00C04F79EFBC}") = "Auth.Domain", "src\Services\Auth\Auth.Domain\Auth.Domain.csproj", "{10E70DA1-5AA7-4588-9626-C7F16478D175}"
EndProject
Project("{FAE04EC0-301F-11D3-BF4B-00C04F79EFBC}") = "Auth.Application", "src\Services\Auth\Auth.Application\Auth.Application.csproj", "{29479482-B5B4-45DC-BE6C-DCC1B6F6EE6D}"
EndProject
Project("{FAE04EC0-301F-11D3-BF4B-00C04F79EFBC}") = "Auth.Infrastructure", "src\Services\Auth\Auth.Infrastructure\Auth.Infrastructure.csproj", "{EBF3A0D6-6751-49DB-85D0-963EFF6D0686}"
EndProject
Project("{FAE04EC0-301F-11D3-BF4B-00C04F79EFBC}") = "Domeo.Shared", "src\Shared\Domeo.Shared\Domeo.Shared.csproj", "{7969F8AA-1F56-4428-9600-9E8689997C6A}"
EndProject
Project("{FAE04EC0-301F-11D3-BF4B-00C04F79EFBC}") = "Projects.Contracts", "src\Services\Projects\Projects.Contracts\Projects.Contracts.csproj", "{A3D5D7FB-6B0C-4D8C-8495-93BD400D742E}"
EndProject
Project("{FAE04EC0-301F-11D3-BF4B-00C04F79EFBC}") = "Projects.Domain", "src\Services\Projects\Projects.Domain\Projects.Domain.csproj", "{DA633440-07AF-4ACB-8FA6-F46F2C59A995}"
EndProject
Project("{FAE04EC0-301F-11D3-BF4B-00C04F79EFBC}") = "Projects.Application", "src\Services\Projects\Projects.Application\Projects.Application.csproj", "{C3D485EA-8639-4D19-8A11-2847F68A1E90}"
EndProject
Project("{FAE04EC0-301F-11D3-BF4B-00C04F79EFBC}") = "Projects.Infrastructure", "src\Services\Projects\Projects.Infrastructure\Projects.Infrastructure.csproj", "{36C2946B-48C7-49A6-92F8-A9F6009DBCE6}"
EndProject
Global
	GlobalSection(SolutionConfigurationPlatforms) = preSolution
		Debug|Any CPU = Debug|Any CPU
		Debug|x64 = Debug|x64
		Debug|x86 = Debug|x86
		Release|Any CPU = Release|Any CPU
		Release|x64 = Release|x64
		Release|x86 = Release|x86
	EndGlobalSection
	GlobalSection(ProjectConfigurationPlatforms) = postSolution
		{D8E5F6A7-1B2C-3D4E-5F6A-7B8C9D0E1F2A}.Debug|Any CPU.ActiveCfg = Debug|Any CPU
		{D8E5F6A7-1B2C-3D4E-5F6A-7B8C9D0E1F2A}.Debug|Any CPU.Build.0 = Debug|Any CPU
		{D8E5F6A7-1B2C-3D4E-5F6A-7B8C9D0E1F2A}.Debug|x64.ActiveCfg = Debug|x64
		{D8E5F6A7-1B2C-3D4E-5F6A-7B8C9D0E1F2A}.Debug|x86.ActiveCfg = Debug|x86
		{D8E5F6A7-1B2C-3D4E-5F6A-7B8C9D0E1F2A}.Release|Any CPU.ActiveCfg = Release|Any CPU
		{D8E5F6A7-1B2C-3D4E-5F6A-7B8C9D0E1F2A}.Release|Any CPU.Build.0 = Release|Any CPU
		{D8E5F6A7-1B2C-3D4E-5F6A-7B8C9D0E1F2A}.Release|x64.ActiveCfg = Release|x64
		{D8E5F6A7-1B2C-3D4E-5F6A-7B8C9D0E1F2A}.Release|x86.ActiveCfg = Release|x86
		{C1B2C3D4-0001-0000-0000-000000000001}.Debug|Any CPU.ActiveCfg = Debug|Any CPU
		{C1B2C3D4-0001-0000-0000-000000000001}.Debug|Any CPU.Build.0 = Debug|Any CPU
		{C1B2C3D4-0001-0000-0000-000000000001}.Debug|x64.ActiveCfg = Debug|Any CPU
		{C1B2C3D4-0001-0000-0000-000000000001}.Debug|x64.Build.0 = Debug|Any CPU
		{C1B2C3D4-0001-0000-0000-000000000001}.Debug|x86.ActiveCfg = Debug|Any CPU
		{C1B2C3D4-0001-0000-0000-000000000001}.Debug|x86.Build.0 = Debug|Any CPU
		{C1B2C3D4-0001-0000-0000-000000000001}.Release|Any CPU.ActiveCfg = Release|Any CPU
		{C1B2C3D4-0001-0000-0000-000000000001}.Release|Any CPU.Build.0 = Release|Any CPU
		{C1B2C3D4-0001-0000-0000-000000000001}.Release|x64.ActiveCfg = Release|Any CPU
		{C1B2C3D4-0001-0000-0000-000000000001}.Release|x64.Build.0 = Release|Any CPU
		{C1B2C3D4-0001-0000-0000-000000000001}.Release|x86.ActiveCfg = Release|Any CPU
		{C1B2C3D4-0001-0000-0000-000000000001}.Release|x86.Build.0 = Release|Any CPU
		{D1B2C3D4-0007-0000-0000-000000000001}.Debug|Any CPU.ActiveCfg = Debug|Any CPU
		{D1B2C3D4-0007-0000-0000-000000000001}.Debug|Any CPU.Build.0 = Debug|Any CPU
		{D1B2C3D4-0007-0000-0000-000000000001}.Debug|x64.ActiveCfg = Debug|Any CPU
		{D1B2C3D4-0007-0000-0000-000000000001}.Debug|x64.Build.0 = Debug|Any CPU
		{D1B2C3D4-0007-0000-0000-000000000001}.Debug|x86.ActiveCfg = Debug|Any CPU
		{D1B2C3D4-0007-0000-0000-000000000001}.Debug|x86.Build.0 = Debug|Any CPU
		{D1B2C3D4-0007-0000-0000-000000000001}.Release|Any CPU.ActiveCfg = Release|Any CPU
		{D1B2C3D4-0007-0000-0000-000000000001}.Release|Any CPU.Build.0 = Release|Any CPU
		{D1B2C3D4-0007-0000-0000-000000000001}.Release|x64.ActiveCfg = Release|Any CPU
		{D1B2C3D4-0007-0000-0000-000000000001}.Release|x64.Build.0 = Release|Any CPU
		{D1B2C3D4-0007-0000-0000-000000000001}.Release|x86.ActiveCfg = Release|Any CPU
		{D1B2C3D4-0007-0000-0000-000000000001}.Release|x86.Build.0 = Release|Any CPU
		{D1B2C3D4-0009-0000-0000-000000000001}.Debug|Any CPU.ActiveCfg = Debug|Any CPU
		{D1B2C3D4-0009-0000-0000-000000000001}.Debug|Any CPU.Build.0 = Debug|Any CPU
		{D1B2C3D4-0009-0000-0000-000000000001}.Debug|x64.ActiveCfg = Debug|Any CPU
		{D1B2C3D4-0009-0000-0000-000000000001}.Debug|x64.Build.0 = Debug|Any CPU
		{D1B2C3D4-0009-0000-0000-000000000001}.Debug|x86.ActiveCfg = Debug|Any CPU
		{D1B2C3D4-0009-0000-0000-000000000001}.Debug|x86.Build.0 = Debug|Any CPU
		{D1B2C3D4-0009-0000-0000-000000000001}.Release|Any CPU.ActiveCfg = Release|Any CPU
		{D1B2C3D4-0009-0000-0000-000000000001}.Release|Any CPU.Build.0 = Release|Any CPU
		{D1B2C3D4-0009-0000-0000-000000000001}.Release|x64.ActiveCfg = Release|Any CPU
		{D1B2C3D4-0009-0000-0000-000000000001}.Release|x64.Build.0 = Release|Any CPU
		{D1B2C3D4-0009-0000-0000-000000000001}.Release|x86.ActiveCfg = Release|Any CPU
		{D1B2C3D4-0009-0000-0000-000000000001}.Release|x86.Build.0 = Release|Any CPU
		{2E32146B-B973-411D-A4AD-D2A09F4FB336}.Debug|Any CPU.ActiveCfg = Debug|Any CPU
		{2E32146B-B973-411D-A4AD-D2A09F4FB336}.Debug|Any CPU.Build.0 = Debug|Any CPU
		{2E32146B-B973-411D-A4AD-D2A09F4FB336}.Debug|x64.ActiveCfg = Debug|Any CPU
		{2E32146B-B973-411D-A4AD-D2A09F4FB336}.Debug|x64.Build.0 = Debug|Any CPU
		{2E32146B-B973-411D-A4AD-D2A09F4FB336}.Debug|x86.ActiveCfg = Debug|Any CPU
		{2E32146B-B973-411D-A4AD-D2A09F4FB336}.Debug|x86.Build.0 = Debug|Any CPU
		{2E32146B-B973-411D-A4AD-D2A09F4FB336}.Release|Any CPU.ActiveCfg = Release|Any CPU
		{2E32146B-B973-411D-A4AD-D2A09F4FB336}.Release|Any CPU.Build.0 = Release|Any CPU
		{2E32146B-B973-411D-A4AD-D2A09F4FB336}.Release|x64.ActiveCfg = Release|Any CPU
		{2E32146B-B973-411D-A4AD-D2A09F4FB336}.Release|x64.Build.0 = Release|Any CPU
		{2E32146B-B973-411D-A4AD-D2A09F4FB336}.Release|x86.ActiveCfg = Release|Any CPU
		{2E32146B-B973-411D-A4AD-D2A09F4FB336}.Release|x86.Build.0 = Release|Any CPU
		{98D1E135-BB4B-4834-999E-8699A15BEA80}.Debug|Any CPU.ActiveCfg = Debug|Any CPU
		{98D1E135-BB4B-4834-999E-8699A15BEA80}.Debug|Any CPU.Build.0 = Debug|Any CPU
		{98D1E135-BB4B-4834-999E-8699A15BEA80}.Debug|x64.ActiveCfg = Debug|Any CPU
		{98D1E135-BB4B-4834-999E-8699A15BEA80}.Debug|x64.Build.0 = Debug|Any CPU
		{98D1E135-BB4B-4834-999E-8699A15BEA80}.Debug|x86.ActiveCfg = Debug|Any CPU
		{98D1E135-BB4B-4834-999E-8699A15BEA80}.Debug|x86.Build.0 = Debug|Any CPU
		{98D1E135-BB4B-4834-999E-8699A15BEA80}.Release|Any CPU.ActiveCfg = Release|Any CPU
		{98D1E135-BB4B-4834-999E-8699A15BEA80}.Release|Any CPU.Build.0 = Release|Any CPU
		{98D1E135-BB4B-4834-999E-8699A15BEA80}.Release|x64.ActiveCfg = Release|Any CPU
		{98D1E135-BB4B-4834-999E-8699A15BEA80}.Release|x64.Build.0 = Release|Any CPU
		{98D1E135-BB4B-4834-999E-8699A15BEA80}.Release|x86.ActiveCfg = Release|Any CPU
		{98D1E135-BB4B-4834-999E-8699A15BEA80}.Release|x86.Build.0 = Release|Any CPU
		{E28F7058-6D72-4F5B-AA31-1C05382C0DEB}.Debug|Any CPU.ActiveCfg = Debug|Any CPU
		{E28F7058-6D72-4F5B-AA31-1C05382C0DEB}.Debug|Any CPU.Build.0 = Debug|Any CPU
		{E28F7058-6D72-4F5B-AA31-1C05382C0DEB}.Debug|x64.ActiveCfg = Debug|Any CPU
		{E28F7058-6D72-4F5B-AA31-1C05382C0DEB}.Debug|x64.Build.0 = Debug|Any CPU
		{E28F7058-6D72-4F5B-AA31-1C05382C0DEB}.Debug|x86.ActiveCfg = Debug|Any CPU
		{E28F7058-6D72-4F5B-AA31-1C05382C0DEB}.Debug|x86.Build.0 = Debug|Any CPU
		{E28F7058-6D72-4F5B-AA31-1C05382C0DEB}.Release|Any CPU.ActiveCfg = Release|Any CPU
		{E28F7058-6D72-4F5B-AA31-1C05382C0DEB}.Release|Any CPU.Build.0 = Release|Any CPU
		{E28F7058-6D72-4F5B-AA31-1C05382C0DEB}.Release|x64.ActiveCfg = Release|Any CPU
		{E28F7058-6D72-4F5B-AA31-1C05382C0DEB}.Release|x64.Build.0 = Release|Any CPU
		{E28F7058-6D72-4F5B-AA31-1C05382C0DEB}.Release|x86.ActiveCfg = Release|Any CPU
		{E28F7058-6D72-4F5B-AA31-1C05382C0DEB}.Release|x86.Build.0 = Release|Any CPU
		{9FDB7C10-B3E8-483C-8134-EBD22177BF58}.Debug|Any CPU.ActiveCfg = Debug|Any CPU
		{9FDB7C10-B3E8-483C-8134-EBD22177BF58}.Debug|Any CPU.Build.0 = Debug|Any CPU
		{9FDB7C10-B3E8-483C-8134-EBD22177BF58}.Debug|x64.ActiveCfg = Debug|Any CPU
		{9FDB7C10-B3E8-483C-8134-EBD22177BF58}.Debug|x64.Build.0 = Debug|Any CPU
		{9FDB7C10-B3E8-483C-8134-EBD22177BF58}.Debug|x86.ActiveCfg = Debug|Any CPU
		{9FDB7C10-B3E8-483C-8134-EBD22177BF58}.Debug|x86.Build.0 = Debug|Any CPU
		{9FDB7C10-B3E8-483C-8134-EBD22177BF58}.Release|Any CPU.ActiveCfg = Release|Any CPU
		{9FDB7C10-B3E8-483C-8134-EBD22177BF58}.Release|Any CPU.Build.0 = Release|Any CPU
		{9FDB7C10-B3E8-483C-8134-EBD22177BF58}.Release|x64.ActiveCfg = Release|Any CPU
		{9FDB7C10-B3E8-483C-8134-EBD22177BF58}.Release|x64.Build.0 = Release|Any CPU
		{9FDB7C10-B3E8-483C-8134-EBD22177BF58}.Release|x86.ActiveCfg = Release|Any CPU
		{9FDB7C10-B3E8-483C-8134-EBD22177BF58}.Release|x86.Build.0 = Release|Any CPU
		{D33EB974-08C5-4278-866D-063B3B5C9923}.Debug|Any CPU.ActiveCfg = Debug|Any CPU
		{D33EB974-08C5-4278-866D-063B3B5C9923}.Debug|Any CPU.Build.0 = Debug|Any CPU
		{D33EB974-08C5-4278-866D-063B3B5C9923}.Debug|x64.ActiveCfg = Debug|Any CPU
		{D33EB974-08C5-4278-866D-063B3B5C9923}.Debug|x64.Build.0 = Debug|Any CPU
		{D33EB974-08C5-4278-866D-063B3B5C9923}.Debug|x86.ActiveCfg = Debug|Any CPU
		{D33EB974-08C5-4278-866D-063B3B5C9923}.Debug|x86.Build.0 = Debug|Any CPU
		{D33EB974-08C5-4278-866D-063B3B5C9923}.Release|Any CPU.ActiveCfg = Release|Any CPU
		{D33EB974-08C5-4278-866D-063B3B5C9923}.Release|Any CPU.Build.0 = Release|Any CPU
		{D33EB974-08C5-4278-866D-063B3B5C9923}.Release|x64.ActiveCfg = Release|Any CPU
		{D33EB974-08C5-4278-866D-063B3B5C9923}.Release|x64.Build.0 = Release|Any CPU
		{D33EB974-08C5-4278-866D-063B3B5C9923}.Release|x86.ActiveCfg = Release|Any CPU
		{D33EB974-08C5-4278-866D-063B3B5C9923}.Release|x86.Build.0 = Release|Any CPU
		{85C8A97A-F12F-4AE6-8F7A-F5A18466F2D5}.Debug|Any CPU.ActiveCfg = Debug|Any CPU
		{85C8A97A-F12F-4AE6-8F7A-F5A18466F2D5}.Debug|Any CPU.Build.0 = Debug|Any CPU
		{85C8A97A-F12F-4AE6-8F7A-F5A18466F2D5}.Debug|x64.ActiveCfg = Debug|Any CPU
		{85C8A97A-F12F-4AE6-8F7A-F5A18466F2D5}.Debug|x64.Build.0 = Debug|Any CPU
		{85C8A97A-F12F-4AE6-8F7A-F5A18466F2D5}.Debug|x86.ActiveCfg = Debug|Any CPU
		{85C8A97A-F12F-4AE6-8F7A-F5A18466F2D5}.Debug|x86.Build.0 = Debug|Any CPU
		{85C8A97A-F12F-4AE6-8F7A-F5A18466F2D5}.Release|Any CPU.ActiveCfg = Release|Any CPU
		{85C8A97A-F12F-4AE6-8F7A-F5A18466F2D5}.Release|Any CPU.Build.0 = Release|Any CPU
		{85C8A97A-F12F-4AE6-8F7A-F5A18466F2D5}.Release|x64.ActiveCfg = Release|Any CPU
		{85C8A97A-F12F-4AE6-8F7A-F5A18466F2D5}.Release|x64.Build.0 = Release|Any CPU
		{85C8A97A-F12F-4AE6-8F7A-F5A18466F2D5}.Release|x86.ActiveCfg = Release|Any CPU
		{85C8A97A-F12F-4AE6-8F7A-F5A18466F2D5}.Release|x86.Build.0 = Release|Any CPU
		{7AEBAC93-63DC-460D-8BE8-705863807CF8}.Debug|Any CPU.ActiveCfg = Debug|Any CPU
		{7AEBAC93-63DC-460D-8BE8-705863807CF8}.Debug|Any CPU.Build.0 = Debug|Any CPU
		{7AEBAC93-63DC-460D-8BE8-705863807CF8}.Debug|x64.ActiveCfg = Debug|Any CPU
		{7AEBAC93-63DC-460D-8BE8-705863807CF8}.Debug|x64.Build.0 = Debug|Any CPU
		{7AEBAC93-63DC-460D-8BE8-705863807CF8}.Debug|x86.ActiveCfg = Debug|Any CPU
		{7AEBAC93-63DC-460D-8BE8-705863807CF8}.Debug|x86.Build.0 = Debug|Any CPU
		{7AEBAC93-63DC-460D-8BE8-705863807CF8}.Release|Any CPU.ActiveCfg = Release|Any CPU
		{7AEBAC93-63DC-460D-8BE8-705863807CF8}.Release|Any CPU.Build.0 = Release|Any CPU
		{7AEBAC93-63DC-460D-8BE8-705863807CF8}.Release|x64.ActiveCfg = Release|Any CPU
		{7AEBAC93-63DC-460D-8BE8-705863807CF8}.Release|x64.Build.0 = Release|Any CPU
		{7AEBAC93-63DC-460D-8BE8-705863807CF8}.Release|x86.ActiveCfg = Release|Any CPU
		{7AEBAC93-63DC-460D-8BE8-705863807CF8}.Release|x86.Build.0 = Release|Any CPU
		{6D73790A-E40A-46EA-8410-D17C963CB9FB}.Debug|Any CPU.ActiveCfg = Debug|Any CPU
		{6D73790A-E40A-46EA-8410-D17C963CB9FB}.Debug|Any CPU.Build.0 = Debug|Any CPU
		{6D73790A-E40A-46EA-8410-D17C963CB9FB}.Debug|x64.ActiveCfg = Debug|Any CPU
		{6D73790A-E40A-46EA-8410-D17C963CB9FB}.Debug|x64.Build.0 = Debug|Any CPU
		{6D73790A-E40A-46EA-8410-D17C963CB9FB}.Debug|x86.ActiveCfg = Debug|Any CPU
		{6D73790A-E40A-46EA-8410-D17C963CB9FB}.Debug|x86.Build.0 = Debug|Any CPU
		{6D73790A-E40A-46EA-8410-D17C963CB9FB}.Release|Any CPU.ActiveCfg = Release|Any CPU
		{6D73790A-E40A-46EA-8410-D17C963CB9FB}.Release|Any CPU.Build.0 = Release|Any CPU
		{6D73790A-E40A-46EA-8410-D17C963CB9FB}.Release|x64.ActiveCfg = Release|Any CPU
		{6D73790A-E40A-46EA-8410-D17C963CB9FB}.Release|x64.Build.0 = Release|Any CPU
		{6D73790A-E40A-46EA-8410-D17C963CB9FB}.Release|x86.ActiveCfg = Release|Any CPU
		{6D73790A-E40A-46EA-8410-D17C963CB9FB}.Release|x86.Build.0 = Release|Any CPU
		{0E224ED5-64A6-4EF1-A6AD-D53BA6DC0A20}.Debug|Any CPU.ActiveCfg = Debug|Any CPU
		{0E224ED5-64A6-4EF1-A6AD-D53BA6DC0A20}.Debug|Any CPU.Build.0 = Debug|Any CPU
		{0E224ED5-64A6-4EF1-A6AD-D53BA6DC0A20}.Debug|x64.ActiveCfg = Debug|Any CPU
		{0E224ED5-64A6-4EF1-A6AD-D53BA6DC0A20}.Debug|x64.Build.0 = Debug|Any CPU
		{0E224ED5-64A6-4EF1-A6AD-D53BA6DC0A20}.Debug|x86.ActiveCfg = Debug|Any CPU
		{0E224ED5-64A6-4EF1-A6AD-D53BA6DC0A20}.Debug|x86.Build.0 = Debug|Any CPU
		{0E224ED5-64A6-4EF1-A6AD-D53BA6DC0A20}.Release|Any CPU.ActiveCfg = Release|Any CPU
		{0E224ED5-64A6-4EF1-A6AD-D53BA6DC0A20}.Release|Any CPU.Build.0 = Release|Any CPU
		{0E224ED5-64A6-4EF1-A6AD-D53BA6DC0A20}.Release|x64.ActiveCfg = Release|Any CPU
		{0E224ED5-64A6-4EF1-A6AD-D53BA6DC0A20}.Release|x64.Build.0 = Release|Any CPU
		{0E224ED5-64A6-4EF1-A6AD-D53BA6DC0A20}.Release|x86.ActiveCfg = Release|Any CPU
		{0E224ED5-64A6-4EF1-A6AD-D53BA6DC0A20}.Release|x86.Build.0 = Release|Any CPU
		{42FDA7B4-208B-4C15-ABB2-3B0EA185A7A4}.Debug|Any CPU.ActiveCfg = Debug|Any CPU
		{42FDA7B4-208B-4C15-ABB2-3B0EA185A7A4}.Debug|Any CPU.Build.0 = Debug|Any CPU
		{42FDA7B4-208B-4C15-ABB2-3B0EA185A7A4}.Debug|x64.ActiveCfg = Debug|Any CPU
		{42FDA7B4-208B-4C15-ABB2-3B0EA185A7A4}.Debug|x64.Build.0 = Debug|Any CPU
		{42FDA7B4-208B-4C15-ABB2-3B0EA185A7A4}.Debug|x86.ActiveCfg = Debug|Any CPU
		{42FDA7B4-208B-4C15-ABB2-3B0EA185A7A4}.Debug|x86.Build.0 = Debug|Any CPU
		{42FDA7B4-208B-4C15-ABB2-3B0EA185A7A4}.Release|Any CPU.ActiveCfg = Release|Any CPU
		{42FDA7B4-208B-4C15-ABB2-3B0EA185A7A4}.Release|Any CPU.Build.0 = Release|Any CPU
		{42FDA7B4-208B-4C15-ABB2-3B0EA185A7A4}.Release|x64.ActiveCfg = Release|Any CPU
		{42FDA7B4-208B-4C15-ABB2-3B0EA185A7A4}.Release|x64.Build.0 = Release|Any CPU
		{42FDA7B4-208B-4C15-ABB2-3B0EA185A7A4}.Release|x86.ActiveCfg = Release|Any CPU
		{42FDA7B4-208B-4C15-ABB2-3B0EA185A7A4}.Release|x86.Build.0 = Release|Any CPU
		{92E2AF55-DF37-46AD-8A74-2958DBB7559A}.Debug|Any CPU.ActiveCfg = Debug|Any CPU
		{92E2AF55-DF37-46AD-8A74-2958DBB7559A}.Debug|Any CPU.Build.0 = Debug|Any CPU
		{92E2AF55-DF37-46AD-8A74-2958DBB7559A}.Debug|x64.ActiveCfg = Debug|Any CPU
		{92E2AF55-DF37-46AD-8A74-2958DBB7559A}.Debug|x64.Build.0 = Debug|Any CPU
		{92E2AF55-DF37-46AD-8A74-2958DBB7559A}.Debug|x86.ActiveCfg = Debug|Any CPU
		{92E2AF55-DF37-46AD-8A74-2958DBB7559A}.Debug|x86.Build.0 = Debug|Any CPU
		{92E2AF55-DF37-46AD-8A74-2958DBB7559A}.Release|Any CPU.ActiveCfg = Release|Any CPU
		{92E2AF55-DF37-46AD-8A74-2958DBB7559A}.Release|Any CPU.Build.0 = Release|Any CPU
		{92E2AF55-DF37-46AD-8A74-2958DBB7559A}.Release|x64.ActiveCfg = Release|Any CPU
		{92E2AF55-DF37-46AD-8A74-2958DBB7559A}.Release|x64.Build.0 = Release|Any CPU
		{92E2AF55-DF37-46AD-8A74-2958DBB7559A}.Release|x86.ActiveCfg = Release|Any CPU
		{92E2AF55-DF37-46AD-8A74-2958DBB7559A}.Release|x86.Build.0 = Release|Any CPU
		{10E70DA1-5AA7-4588-9626-C7F16478D175}.Debug|Any CPU.ActiveCfg = Debug|Any CPU
		{10E70DA1-5AA7-4588-9626-C7F16478D175}.Debug|Any CPU.Build.0 = Debug|Any CPU
		{10E70DA1-5AA7-4588-9626-C7F16478D175}.Debug|x64.ActiveCfg = Debug|Any CPU
		{10E70DA1-5AA7-4588-9626-C7F16478D175}.Debug|x64.Build.0 = Debug|Any CPU
		{10E70DA1-5AA7-4588-9626-C7F16478D175}.Debug|x86.ActiveCfg = Debug|Any CPU
		{10E70DA1-5AA7-4588-9626-C7F16478D175}.Debug|x86.Build.0 = Debug|Any CPU
		{10E70DA1-5AA7-4588-9626-C7F16478D175}.Release|Any CPU.ActiveCfg = Release|Any CPU
		{10E70DA1-5AA7-4588-9626-C7F16478D175}.Release|Any CPU.Build.0 = Release|Any CPU
		{10E70DA1-5AA7-4588-9626-C7F16478D175}.Release|x64.ActiveCfg = Release|Any CPU
		{10E70DA1-5AA7-4588-9626-C7F16478D175}.Release|x64.Build.0 = Release|Any CPU
		{10E70DA1-5AA7-4588-9626-C7F16478D175}.Release|x86.ActiveCfg = Release|Any CPU
		{10E70DA1-5AA7-4588-9626-C7F16478D175}.Release|x86.Build.0 = Release|Any CPU
		{29479482-B5B4-45DC-BE6C-DCC1B6F6EE6D}.Debug|Any CPU.ActiveCfg = Debug|Any CPU
		{29479482-B5B4-45DC-BE6C-DCC1B6F6EE6D}.Debug|Any CPU.Build.0 = Debug|Any CPU
		{29479482-B5B4-45DC-BE6C-DCC1B6F6EE6D}.Debug|x64.ActiveCfg = Debug|Any CPU
		{29479482-B5B4-45DC-BE6C-DCC1B6F6EE6D}.Debug|x64.Build.0 = Debug|Any CPU
		{29479482-B5B4-45DC-BE6C-DCC1B6F6EE6D}.Debug|x86.ActiveCfg = Debug|Any CPU
		{29479482-B5B4-45DC-BE6C-DCC1B6F6EE6D}.Debug|x86.Build.0 = Debug|Any CPU
		{29479482-B5B4-45DC-BE6C-DCC1B6F6EE6D}.Release|Any CPU.ActiveCfg = Release|Any CPU
		{29479482-B5B4-45DC-BE6C-DCC1B6F6EE6D}.Release|Any CPU.Build.0 = Release|Any CPU
		{29479482-B5B4-45DC-BE6C-DCC1B6F6EE6D}.Release|x64.ActiveCfg = Release|Any CPU
		{29479482-B5B4-45DC-BE6C-DCC1B6F6EE6D}.Release|x64.Build.0 = Release|Any CPU
		{29479482-B5B4-45DC-BE6C-DCC1B6F6EE6D}.Release|x86.ActiveCfg = Release|Any CPU
		{29479482-B5B4-45DC-BE6C-DCC1B6F6EE6D}.Release|x86.Build.0 = Release|Any CPU
		{EBF3A0D6-6751-49DB-85D0-963EFF6D0686}.Debug|Any CPU.ActiveCfg = Debug|Any CPU
		{EBF3A0D6-6751-49DB-85D0-963EFF6D0686}.Debug|Any CPU.Build.0 = Debug|Any CPU
		{EBF3A0D6-6751-49DB-85D0-963EFF6D0686}.Debug|x64.ActiveCfg = Debug|Any CPU
		{EBF3A0D6-6751-49DB-85D0-963EFF6D0686}.Debug|x64.Build.0 = Debug|Any CPU
		{EBF3A0D6-6751-49DB-85D0-963EFF6D0686}.Debug|x86.ActiveCfg = Debug|Any CPU
		{EBF3A0D6-6751-49DB-85D0-963EFF6D0686}.Debug|x86.Build.0 = Debug|Any CPU
		{EBF3A0D6-6751-49DB-85D0-963EFF6D0686}.Release|Any CPU.ActiveCfg = Release|Any CPU
		{EBF3A0D6-6751-49DB-85D0-963EFF6D0686}.Release|Any CPU.Build.0 = Release|Any CPU
		{EBF3A0D6-6751-49DB-85D0-963EFF6D0686}.Release|x64.ActiveCfg = Release|Any CPU
		{EBF3A0D6-6751-49DB-85D0-963EFF6D0686}.Release|x64.Build.0 = Release|Any CPU
		{EBF3A0D6-6751-49DB-85D0-963EFF6D0686}.Release|x86.ActiveCfg = Release|Any CPU
		{EBF3A0D6-6751-49DB-85D0-963EFF6D0686}.Release|x86.Build.0 = Release|Any CPU
		{7969F8AA-1F56-4428-9600-9E8689997C6A}.Debug|Any CPU.ActiveCfg = Debug|Any CPU
		{7969F8AA-1F56-4428-9600-9E8689997C6A}.Debug|Any CPU.Build.0 = Debug|Any CPU
		{7969F8AA-1F56-4428-9600-9E8689997C6A}.Debug|x64.ActiveCfg = Debug|Any CPU
		{7969F8AA-1F56-4428-9600-9E8689997C6A}.Debug|x64.Build.0 = Debug|Any CPU
		{7969F8AA-1F56-4428-9600-9E8689997C6A}.Debug|x86.ActiveCfg = Debug|Any CPU
		{7969F8AA-1F56-4428-9600-9E8689997C6A}.Debug|x86.Build.0 = Debug|Any CPU
		{7969F8AA-1F56-4428-9600-9E8689997C6A}.Release|Any CPU.ActiveCfg = Release|Any CPU
		{7969F8AA-1F56-4428-9600-9E8689997C6A}.Release|Any CPU.Build.0 = Release|Any CPU
		{7969F8AA-1F56-4428-9600-9E8689997C6A}.Release|x64.ActiveCfg = Release|Any CPU
		{7969F8AA-1F56-4428-9600-9E8689997C6A}.Release|x64.Build.0 = Release|Any CPU
		{7969F8AA-1F56-4428-9600-9E8689997C6A}.Release|x86.ActiveCfg = Release|Any CPU
		{7969F8AA-1F56-4428-9600-9E8689997C6A}.Release|x86.Build.0 = Release|Any CPU
		{A3D5D7FB-6B0C-4D8C-8495-93BD400D742E}.Debug|Any CPU.ActiveCfg = Debug|Any CPU
		{A3D5D7FB-6B0C-4D8C-8495-93BD400D742E}.Debug|Any CPU.Build.0 = Debug|Any CPU
		{A3D5D7FB-6B0C-4D8C-8495-93BD400D742E}.Debug|x64.ActiveCfg = Debug|Any CPU
		{A3D5D7FB-6B0C-4D8C-8495-93BD400D742E}.Debug|x64.Build.0 = Debug|Any CPU
		{A3D5D7FB-6B0C-4D8C-8495-93BD400D742E}.Debug|x86.ActiveCfg = Debug|Any CPU
		{A3D5D7FB-6B0C-4D8C-8495-93BD400D742E}.Debug|x86.Build.0 = Debug|Any CPU
		{A3D5D7FB-6B0C-4D8C-8495-93BD400D742E}.Release|Any CPU.ActiveCfg = Release|Any CPU
		{A3D5D7FB-6B0C-4D8C-8495-93BD400D742E}.Release|Any CPU.Build.0 = Release|Any CPU
		{A3D5D7FB-6B0C-4D8C-8495-93BD400D742E}.Release|x64.ActiveCfg = Release|Any CPU
		{A3D5D7FB-6B0C-4D8C-8495-93BD400D742E}.Release|x64.Build.0 = Release|Any CPU
		{A3D5D7FB-6B0C-4D8C-8495-93BD400D742E}.Release|x86.ActiveCfg = Release|Any CPU
		{A3D5D7FB-6B0C-4D8C-8495-93BD400D742E}.Release|x86.Build.0 = Release|Any CPU
		{DA633440-07AF-4ACB-8FA6-F46F2C59A995}.Debug|Any CPU.ActiveCfg = Debug|Any CPU
		{DA633440-07AF-4ACB-8FA6-F46F2C59A995}.Debug|Any CPU.Build.0 = Debug|Any CPU
		{DA633440-07AF-4ACB-8FA6-F46F2C59A995}.Debug|x64.ActiveCfg = Debug|Any CPU
		{DA633440-07AF-4ACB-8FA6-F46F2C59A995}.Debug|x64.Build.0 = Debug|Any CPU
		{DA633440-07AF-4ACB-8FA6-F46F2C59A995}.Debug|x86.ActiveCfg = Debug|Any CPU
		{DA633440-07AF-4ACB-8FA6-F46F2C59A995}.Debug|x86.Build.0 = Debug|Any CPU
		{DA633440-07AF-4ACB-8FA6-F46F2C59A995}.Release|Any CPU.ActiveCfg = Release|Any CPU
		{DA633440-07AF-4ACB-8FA6-F46F2C59A995}.Release|Any CPU.Build.0 = Release|Any CPU
		{DA633440-07AF-4ACB-8FA6-F46F2C59A995}.Release|x64.ActiveCfg = Release|Any CPU
		{DA633440-07AF-4ACB-8FA6-F46F2C59A995}.Release|x64.Build.0 = Release|Any CPU
		{DA633440-07AF-4ACB-8FA6-F46F2C59A995}.Release|x86.ActiveCfg = Release|Any CPU
		{DA633440-07AF-4ACB-8FA6-F46F2C59A995}.Release|x86.Build.0 = Release|Any CPU
		{C3D485EA-8639-4D19-8A11-2847F68A1E90}.Debug|Any CPU.ActiveCfg = Debug|Any CPU
		{C3D485EA-8639-4D19-8A11-2847F68A1E90}.Debug|Any CPU.Build.0 = Debug|Any CPU
		{C3D485EA-8639-4D19-8A11-2847F68A1E90}.Debug|x64.ActiveCfg = Debug|Any CPU
		{C3D485EA-8639-4D19-8A11-2847F68A1E90}.Debug|x64.Build.0 = Debug|Any CPU
		{C3D485EA-8639-4D19-8A11-2847F68A1E90}.Debug|x86.ActiveCfg = Debug|Any CPU
		{C3D485EA-8639-4D19-8A11-2847F68A1E90}.Debug|x86.Build.0 = Debug|Any CPU
		{C3D485EA-8639-4D19-8A11-2847F68A1E90}.Release|Any CPU.ActiveCfg = Release|Any CPU
		{C3D485EA-8639-4D19-8A11-2847F68A1E90}.Release|Any CPU.Build.0 = Release|Any CPU
		{C3D485EA-8639-4D19-8A11-2847F68A1E90}.Release|x64.ActiveCfg = Release|Any CPU
		{C3D485EA-8639-4D19-8A11-2847F68A1E90}.Release|x64.Build.0 = Release|Any CPU
		{C3D485EA-8639-4D19-8A11-2847F68A1E90}.Release|x86.ActiveCfg = Release|Any CPU
		{C3D485EA-8639-4D19-8A11-2847F68A1E90}.Release|x86.Build.0 = Release|Any CPU
		{36C2946B-48C7-49A6-92F8-A9F6009DBCE6}.Debug|Any CPU.ActiveCfg = Debug|Any CPU
		{36C2946B-48C7-49A6-92F8-A9F6009DBCE6}.Debug|Any CPU.Build.0 = Debug|Any CPU
		{36C2946B-48C7-49A6-92F8-A9F6009DBCE6}.Debug|x64.ActiveCfg = Debug|Any CPU
		{36C2946B-48C7-49A6-92F8-A9F6009DBCE6}.Debug|x64.Build.0 = Debug|Any CPU
		{36C2946B-48C7-49A6-92F8-A9F6009DBCE6}.Debug|x86.ActiveCfg = Debug|Any CPU
		{36C2946B-48C7-49A6-92F8-A9F6009DBCE6}.Debug|x86.Build.0 = Debug|Any CPU
		{36C2946B-48C7-49A6-92F8-A9F6009DBCE6}.Release|Any CPU.ActiveCfg = Release|Any CPU
		{36C2946B-48C7-49A6-92F8-A9F6009DBCE6}.Release|Any CPU.Build.0 = Release|Any CPU
		{36C2946B-48C7-49A6-92F8-A9F6009DBCE6}.Release|x64.ActiveCfg = Release|Any CPU
		{36C2946B-48C7-49A6-92F8-A9F6009DBCE6}.Release|x64.Build.0 = Release|Any CPU
		{36C2946B-48C7-49A6-92F8-A9F6009DBCE6}.Release|x86.ActiveCfg = Release|Any CPU
		{36C2946B-48C7-49A6-92F8-A9F6009DBCE6}.Release|x86.Build.0 = Release|Any CPU
	EndGlobalSection
	GlobalSection(SolutionProperties) = preSolution
		HideSolutionNode = FALSE
	EndGlobalSection
	GlobalSection(NestedProjects) = preSolution
		{A1B2C3D4-0002-0000-0000-000000000001} = {A1B2C3D4-0001-0000-0000-000000000001}
		{A1B2C3D4-0003-0000-0000-000000000001} = {A1B2C3D4-0001-0000-0000-000000000001}
		{A1B2C3D4-0004-0000-0000-000000000001} = {A1B2C3D4-0001-0000-0000-000000000001}
		{C1B2C3D4-0001-0000-0000-000000000001} = {A1B2C3D4-0003-0000-0000-000000000001}
		{D1B2C3D4-0007-0000-0000-000000000001} = {654BA843-216D-2CFB-769C-13CCF46B4AFB}
		{D1B2C3D4-0009-0000-0000-000000000001} = {E37856A1-D8E5-A351-1D14-E40614429F7E}
		{F815D76B-7233-1BF6-F864-E6B3BAFC1A20} = {A1B2C3D4-0004-0000-0000-000000000001}
		{2E32146B-B973-411D-A4AD-D2A09F4FB336} = {F815D76B-7233-1BF6-F864-E6B3BAFC1A20}
		{E37856A1-D8E5-A351-1D14-E40614429F7E} = {A1B2C3D4-0004-0000-0000-000000000001}
		{98D1E135-BB4B-4834-999E-8699A15BEA80} = {E37856A1-D8E5-A351-1D14-E40614429F7E}
		{654BA843-216D-2CFB-769C-13CCF46B4AFB} = {A1B2C3D4-0004-0000-0000-000000000001}
		{E28F7058-6D72-4F5B-AA31-1C05382C0DEB} = {654BA843-216D-2CFB-769C-13CCF46B4AFB}
		{15A261CA-6950-6683-45D2-86438F894F2D} = {A1B2C3D4-0004-0000-0000-000000000001}
		{9FDB7C10-B3E8-483C-8134-EBD22177BF58} = {15A261CA-6950-6683-45D2-86438F894F2D}
		{D33EB974-08C5-4278-866D-063B3B5C9923} = {15A261CA-6950-6683-45D2-86438F894F2D}
		{5D2E74F6-5D77-6CC1-6422-882C3B01A500} = {A1B2C3D4-0004-0000-0000-000000000001}
		{85C8A97A-F12F-4AE6-8F7A-F5A18466F2D5} = {5D2E74F6-5D77-6CC1-6422-882C3B01A500}
		{21FA1D81-903F-8AD4-2DFF-27BE248B6A17} = {A1B2C3D4-0004-0000-0000-000000000001}
		{7AEBAC93-63DC-460D-8BE8-705863807CF8} = {21FA1D81-903F-8AD4-2DFF-27BE248B6A17}
		{6D73790A-E40A-46EA-8410-D17C963CB9FB} = {21FA1D81-903F-8AD4-2DFF-27BE248B6A17}
		{0E224ED5-64A6-4EF1-A6AD-D53BA6DC0A20} = {538F2A43-6114-6D32-FD9B-C27BFA77DD39}
		{42FDA7B4-208B-4C15-ABB2-3B0EA185A7A4} = {538F2A43-6114-6D32-FD9B-C27BFA77DD39}
		{92E2AF55-DF37-46AD-8A74-2958DBB7559A} = {5D2E74F6-5D77-6CC1-6422-882C3B01A500}
		{10E70DA1-5AA7-4588-9626-C7F16478D175} = {5D2E74F6-5D77-6CC1-6422-882C3B01A500}
		{29479482-B5B4-45DC-BE6C-DCC1B6F6EE6D} = {5D2E74F6-5D77-6CC1-6422-882C3B01A500}
		{EBF3A0D6-6751-49DB-85D0-963EFF6D0686} = {5D2E74F6-5D77-6CC1-6422-882C3B01A500}
		{7969F8AA-1F56-4428-9600-9E8689997C6A} = {A1B2C3D4-0002-0000-0000-000000000001}
		{A3D5D7FB-6B0C-4D8C-8495-93BD400D742E} = {F815D76B-7233-1BF6-F864-E6B3BAFC1A20}
		{DA633440-07AF-4ACB-8FA6-F46F2C59A995} = {F815D76B-7233-1BF6-F864-E6B3BAFC1A20}
		{C3D485EA-8639-4D19-8A11-2847F68A1E90} = {F815D76B-7233-1BF6-F864-E6B3BAFC1A20}
		{36C2946B-48C7-49A6-92F8-A9F6009DBCE6} = {F815D76B-7233-1BF6-F864-E6B3BAFC1A20}
	EndGlobalSection
EndGlobal
