
Microsoft Visual Studio Solution File, Format Version 12.00
# Visual Studio Version 17
VisualStudioVersion = 17.0.31903.59
MinimumVisualStudioVersion = 10.0.40219.1
Project("{2150E333-8FDC-42A3-9474-1A3956D46DE8}") = "src", "src", "{A1B2C3D4-0001-0000-0000-000000000001}"
EndProject
Project("{2150E333-8FDC-42A3-9474-1A3956D46DE8}") = "Shared", "Shared", "{A1B2C3D4-0002-0000-0000-000000000001}"
EndProject
Project("{2150E333-8FDC-42A3-9474-1A3956D46DE8}") = "ApiGateway", "ApiGateway", "{A1B2C3D4-0003-0000-0000-000000000001}"
EndProject
Project("{2150E333-8FDC-42A3-9474-1A3956D46DE8}") = "Services", "Services", "{A1B2C3D4-0004-0000-0000-000000000001}"
EndProject
Project("{E53339B2-1760-4266-BCC7-CA923CBCF16C}") = "infrastructure", "infrastructure\infrastructure.dcproj", "{D8E5F6A7-1B2C-3D4E-5F6A-7B8C9D0E1F2A}"
EndProject
Project("{FAE04EC0-301F-11D3-BF4B-00C04F79EFBC}") = "Domeo.Shared.Kernel", "src\Shared\Domeo.Shared.Kernel\Domeo.Shared.Kernel.csproj", "{B1B2C3D4-0001-0000-0000-000000000001}"
EndProject
Project("{FAE04EC0-301F-11D3-BF4B-00C04F79EFBC}") = "Domeo.Shared.Contracts", "src\Shared\Domeo.Shared.Contracts\Domeo.Shared.Contracts.csproj", "{B1B2C3D4-0002-0000-0000-000000000001}"
EndProject
Project("{FAE04EC0-301F-11D3-BF4B-00C04F79EFBC}") = "Domeo.Shared.Infrastructure", "src\Shared\Domeo.Shared.Infrastructure\Domeo.Shared.Infrastructure.csproj", "{B1B2C3D4-0003-0000-0000-000000000001}"
EndProject
Project("{FAE04EC0-301F-11D3-BF4B-00C04F79EFBC}") = "Domeo.Shared.Auth", "src\Shared\Domeo.Shared.Auth\Domeo.Shared.Auth.csproj", "{B1B2C3D4-0004-0000-0000-000000000001}"
EndProject
Project("{FAE04EC0-301F-11D3-BF4B-00C04F79EFBC}") = "Domeo.Shared.Routes", "src\Shared\Domeo.Shared.Routes\Domeo.Shared.Routes.csproj", "{B1B2C3D4-0005-0000-0000-000000000001}"
EndProject
Project("{FAE04EC0-301F-11D3-BF4B-00C04F79EFBC}") = "Domeo.ApiGateway", "src\ApiGateway\Domeo.ApiGateway\Domeo.ApiGateway.csproj", "{C1B2C3D4-0001-0000-0000-000000000001}"
EndProject
Project("{FAE04EC0-301F-11D3-BF4B-00C04F79EFBC}") = "Auth.API", "src\Services\Auth\Auth.API\Auth.API.csproj", "{D1B2C3D4-0001-0000-0000-000000000001}"
EndProject
Project("{FAE04EC0-301F-11D3-BF4B-00C04F79EFBC}") = "MockAuthCenter.API", "src\Services\MockAuthCenter\MockAuthCenter.API\MockAuthCenter.API.csproj", "{D1B2C3D4-0006-0000-0000-000000000001}"
EndProject
Project("{FAE04EC0-301F-11D3-BF4B-00C04F79EFBC}") = "Clients.API", "src\Services\Clients\Clients.API\Clients.API.csproj", "{D1B2C3D4-0007-0000-0000-000000000001}"
EndProject
Project("{FAE04EC0-301F-11D3-BF4B-00C04F79EFBC}") = "Audit.API", "src\Services\Audit\Audit.API\Audit.API.csproj", "{D1B2C3D4-0008-0000-0000-000000000001}"
EndProject
Project("{FAE04EC0-301F-11D3-BF4B-00C04F79EFBC}") = "Modules.API", "src\Services\Modules\Modules.API\Modules.API.csproj", "{D1B2C3D4-0009-0000-0000-000000000001}"
EndProject
Project("{FAE04EC0-301F-11D3-BF4B-00C04F79EFBC}") = "Materials.API", "src\Services\Materials\Materials.API\Materials.API.csproj", "{D1B2C3D4-0010-0000-0000-000000000001}"
EndProject
Project("{FAE04EC0-301F-11D3-BF4B-00C04F79EFBC}") = "MockSupplier.API", "src\Services\MockSupplier\MockSupplier.API\MockSupplier.API.csproj", "{D1B2C3D4-0011-0000-0000-000000000001}"
EndProject
Project("{2150E333-8FDC-42A3-9474-1A3956D46DE8}") = "Projects", "Projects", "{F815D76B-7233-1BF6-F864-E6B3BAFC1A20}"
EndProject
Project("{FAE04EC0-301F-11D3-BF4B-00C04F79EFBC}") = "Projects.Abstractions", "src\Services\Projects\Projects.Abstractions\Projects.Abstractions.csproj", "{C6623C2E-3DB5-462B-A6BC-EC14CA4EF31F}"
EndProject
Project("{FAE04EC0-301F-11D3-BF4B-00C04F79EFBC}") = "Projects.API", "src\Services\Projects\Projects.API\Projects.API.csproj", "{2E32146B-B973-411D-A4AD-D2A09F4FB336}"
EndProject
Project("{2150E333-8FDC-42A3-9474-1A3956D46DE8}") = "Modules", "Modules", "{E37856A1-D8E5-A351-1D14-E40614429F7E}"
EndProject
Project("{FAE04EC0-301F-11D3-BF4B-00C04F79EFBC}") = "Modules.Abstractions", "src\Services\Modules\Modules.Abstractions\Modules.Abstractions.csproj", "{98D1E135-BB4B-4834-999E-8699A15BEA80}"
EndProject
Project("{2150E333-8FDC-42A3-9474-1A3956D46DE8}") = "Clients", "Clients", "{654BA843-216D-2CFB-769C-13CCF46B4AFB}"
EndProject
Project("{FAE04EC0-301F-11D3-BF4B-00C04F79EFBC}") = "Clients.Abstractions", "src\Services\Clients\Clients.Abstractions\Clients.Abstractions.csproj", "{E28F7058-6D72-4F5B-AA31-1C05382C0DEB}"
EndProject
Global
	GlobalSection(SolutionConfigurationPlatforms) = preSolution
		Debug|Any CPU = Debug|Any CPU
		Debug|x64 = Debug|x64
		Debug|x86 = Debug|x86
		Release|Any CPU = Release|Any CPU
		Release|x64 = Release|x64
		Release|x86 = Release|x86
	EndGlobalSection
	GlobalSection(ProjectConfigurationPlatforms) = postSolution
		{D8E5F6A7-1B2C-3D4E-5F6A-7B8C9D0E1F2A}.Debug|Any CPU.ActiveCfg = Debug|Any CPU
		{D8E5F6A7-1B2C-3D4E-5F6A-7B8C9D0E1F2A}.Debug|Any CPU.Build.0 = Debug|Any CPU
		{D8E5F6A7-1B2C-3D4E-5F6A-7B8C9D0E1F2A}.Debug|x64.ActiveCfg = Debug|x64
		{D8E5F6A7-1B2C-3D4E-5F6A-7B8C9D0E1F2A}.Debug|x86.ActiveCfg = Debug|x86
		{D8E5F6A7-1B2C-3D4E-5F6A-7B8C9D0E1F2A}.Release|Any CPU.ActiveCfg = Release|Any CPU
		{D8E5F6A7-1B2C-3D4E-5F6A-7B8C9D0E1F2A}.Release|Any CPU.Build.0 = Release|Any CPU
		{D8E5F6A7-1B2C-3D4E-5F6A-7B8C9D0E1F2A}.Release|x64.ActiveCfg = Release|x64
		{D8E5F6A7-1B2C-3D4E-5F6A-7B8C9D0E1F2A}.Release|x86.ActiveCfg = Release|x86
		{B1B2C3D4-0001-0000-0000-000000000001}.Debug|Any CPU.ActiveCfg = Debug|Any CPU
		{B1B2C3D4-0001-0000-0000-000000000001}.Debug|Any CPU.Build.0 = Debug|Any CPU
		{B1B2C3D4-0001-0000-0000-000000000001}.Debug|x64.ActiveCfg = Debug|Any CPU
		{B1B2C3D4-0001-0000-0000-000000000001}.Debug|x64.Build.0 = Debug|Any CPU
		{B1B2C3D4-0001-0000-0000-000000000001}.Debug|x86.ActiveCfg = Debug|Any CPU
		{B1B2C3D4-0001-0000-0000-000000000001}.Debug|x86.Build.0 = Debug|Any CPU
		{B1B2C3D4-0001-0000-0000-000000000001}.Release|Any CPU.ActiveCfg = Release|Any CPU
		{B1B2C3D4-0001-0000-0000-000000000001}.Release|Any CPU.Build.0 = Release|Any CPU
		{B1B2C3D4-0001-0000-0000-000000000001}.Release|x64.ActiveCfg = Release|Any CPU
		{B1B2C3D4-0001-0000-0000-000000000001}.Release|x64.Build.0 = Release|Any CPU
		{B1B2C3D4-0001-0000-0000-000000000001}.Release|x86.ActiveCfg = Release|Any CPU
		{B1B2C3D4-0001-0000-0000-000000000001}.Release|x86.Build.0 = Release|Any CPU
		{B1B2C3D4-0002-0000-0000-000000000001}.Debug|Any CPU.ActiveCfg = Debug|Any CPU
		{B1B2C3D4-0002-0000-0000-000000000001}.Debug|Any CPU.Build.0 = Debug|Any CPU
		{B1B2C3D4-0002-0000-0000-000000000001}.Debug|x64.ActiveCfg = Debug|Any CPU
		{B1B2C3D4-0002-0000-0000-000000000001}.Debug|x64.Build.0 = Debug|Any CPU
		{B1B2C3D4-0002-0000-0000-000000000001}.Debug|x86.ActiveCfg = Debug|Any CPU
		{B1B2C3D4-0002-0000-0000-000000000001}.Debug|x86.Build.0 = Debug|Any CPU
		{B1B2C3D4-0002-0000-0000-000000000001}.Release|Any CPU.ActiveCfg = Release|Any CPU
		{B1B2C3D4-0002-0000-0000-000000000001}.Release|Any CPU.Build.0 = Release|Any CPU
		{B1B2C3D4-0002-0000-0000-000000000001}.Release|x64.ActiveCfg = Release|Any CPU
		{B1B2C3D4-0002-0000-0000-000000000001}.Release|x64.Build.0 = Release|Any CPU
		{B1B2C3D4-0002-0000-0000-000000000001}.Release|x86.ActiveCfg = Release|Any CPU
		{B1B2C3D4-0002-0000-0000-000000000001}.Release|x86.Build.0 = Release|Any CPU
		{B1B2C3D4-0003-0000-0000-000000000001}.Debug|Any CPU.ActiveCfg = Debug|Any CPU
		{B1B2C3D4-0003-0000-0000-000000000001}.Debug|Any CPU.Build.0 = Debug|Any CPU
		{B1B2C3D4-0003-0000-0000-000000000001}.Debug|x64.ActiveCfg = Debug|Any CPU
		{B1B2C3D4-0003-0000-0000-000000000001}.Debug|x64.Build.0 = Debug|Any CPU
		{B1B2C3D4-0003-0000-0000-000000000001}.Debug|x86.ActiveCfg = Debug|Any CPU
		{B1B2C3D4-0003-0000-0000-000000000001}.Debug|x86.Build.0 = Debug|Any CPU
		{B1B2C3D4-0003-0000-0000-000000000001}.Release|Any CPU.ActiveCfg = Release|Any CPU
		{B1B2C3D4-0003-0000-0000-000000000001}.Release|Any CPU.Build.0 = Release|Any CPU
		{B1B2C3D4-0003-0000-0000-000000000001}.Release|x64.ActiveCfg = Release|Any CPU
		{B1B2C3D4-0003-0000-0000-000000000001}.Release|x64.Build.0 = Release|Any CPU
		{B1B2C3D4-0003-0000-0000-000000000001}.Release|x86.ActiveCfg = Release|Any CPU
		{B1B2C3D4-0003-0000-0000-000000000001}.Release|x86.Build.0 = Release|Any CPU
		{B1B2C3D4-0004-0000-0000-000000000001}.Debug|Any CPU.ActiveCfg = Debug|Any CPU
		{B1B2C3D4-0004-0000-0000-000000000001}.Debug|Any CPU.Build.0 = Debug|Any CPU
		{B1B2C3D4-0004-0000-0000-000000000001}.Debug|x64.ActiveCfg = Debug|Any CPU
		{B1B2C3D4-0004-0000-0000-000000000001}.Debug|x64.Build.0 = Debug|Any CPU
		{B1B2C3D4-0004-0000-0000-000000000001}.Debug|x86.ActiveCfg = Debug|Any CPU
		{B1B2C3D4-0004-0000-0000-000000000001}.Debug|x86.Build.0 = Debug|Any CPU
		{B1B2C3D4-0004-0000-0000-000000000001}.Release|Any CPU.ActiveCfg = Release|Any CPU
		{B1B2C3D4-0004-0000-0000-000000000001}.Release|Any CPU.Build.0 = Release|Any CPU
		{B1B2C3D4-0004-0000-0000-000000000001}.Release|x64.ActiveCfg = Release|Any CPU
		{B1B2C3D4-0004-0000-0000-000000000001}.Release|x64.Build.0 = Release|Any CPU
		{B1B2C3D4-0004-0000-0000-000000000001}.Release|x86.ActiveCfg = Release|Any CPU
		{B1B2C3D4-0004-0000-0000-000000000001}.Release|x86.Build.0 = Release|Any CPU
		{B1B2C3D4-0005-0000-0000-000000000001}.Debug|Any CPU.ActiveCfg = Debug|Any CPU
		{B1B2C3D4-0005-0000-0000-000000000001}.Debug|Any CPU.Build.0 = Debug|Any CPU
		{B1B2C3D4-0005-0000-0000-000000000001}.Debug|x64.ActiveCfg = Debug|Any CPU
		{B1B2C3D4-0005-0000-0000-000000000001}.Debug|x64.Build.0 = Debug|Any CPU
		{B1B2C3D4-0005-0000-0000-000000000001}.Debug|x86.ActiveCfg = Debug|Any CPU
		{B1B2C3D4-0005-0000-0000-000000000001}.Debug|x86.Build.0 = Debug|Any CPU
		{B1B2C3D4-0005-0000-0000-000000000001}.Release|Any CPU.ActiveCfg = Release|Any CPU
		{B1B2C3D4-0005-0000-0000-000000000001}.Release|Any CPU.Build.0 = Release|Any CPU
		{B1B2C3D4-0005-0000-0000-000000000001}.Release|x64.ActiveCfg = Release|Any CPU
		{B1B2C3D4-0005-0000-0000-000000000001}.Release|x64.Build.0 = Release|Any CPU
		{B1B2C3D4-0005-0000-0000-000000000001}.Release|x86.ActiveCfg = Release|Any CPU
		{B1B2C3D4-0005-0000-0000-000000000001}.Release|x86.Build.0 = Release|Any CPU
		{C1B2C3D4-0001-0000-0000-000000000001}.Debug|Any CPU.ActiveCfg = Debug|Any CPU
		{C1B2C3D4-0001-0000-0000-000000000001}.Debug|Any CPU.Build.0 = Debug|Any CPU
		{C1B2C3D4-0001-0000-0000-000000000001}.Debug|x64.ActiveCfg = Debug|Any CPU
		{C1B2C3D4-0001-0000-0000-000000000001}.Debug|x64.Build.0 = Debug|Any CPU
		{C1B2C3D4-0001-0000-0000-000000000001}.Debug|x86.ActiveCfg = Debug|Any CPU
		{C1B2C3D4-0001-0000-0000-000000000001}.Debug|x86.Build.0 = Debug|Any CPU
		{C1B2C3D4-0001-0000-0000-000000000001}.Release|Any CPU.ActiveCfg = Release|Any CPU
		{C1B2C3D4-0001-0000-0000-000000000001}.Release|Any CPU.Build.0 = Release|Any CPU
		{C1B2C3D4-0001-0000-0000-000000000001}.Release|x64.ActiveCfg = Release|Any CPU
		{C1B2C3D4-0001-0000-0000-000000000001}.Release|x64.Build.0 = Release|Any CPU
		{C1B2C3D4-0001-0000-0000-000000000001}.Release|x86.ActiveCfg = Release|Any CPU
		{C1B2C3D4-0001-0000-0000-000000000001}.Release|x86.Build.0 = Release|Any CPU
		{D1B2C3D4-0001-0000-0000-000000000001}.Debug|Any CPU.ActiveCfg = Debug|Any CPU
		{D1B2C3D4-0001-0000-0000-000000000001}.Debug|Any CPU.Build.0 = Debug|Any CPU
		{D1B2C3D4-0001-0000-0000-000000000001}.Debug|x64.ActiveCfg = Debug|Any CPU
		{D1B2C3D4-0001-0000-0000-000000000001}.Debug|x64.Build.0 = Debug|Any CPU
		{D1B2C3D4-0001-0000-0000-000000000001}.Debug|x86.ActiveCfg = Debug|Any CPU
		{D1B2C3D4-0001-0000-0000-000000000001}.Debug|x86.Build.0 = Debug|Any CPU
		{D1B2C3D4-0001-0000-0000-000000000001}.Release|Any CPU.ActiveCfg = Release|Any CPU
		{D1B2C3D4-0001-0000-0000-000000000001}.Release|Any CPU.Build.0 = Release|Any CPU
		{D1B2C3D4-0001-0000-0000-000000000001}.Release|x64.ActiveCfg = Release|Any CPU
		{D1B2C3D4-0001-0000-0000-000000000001}.Release|x64.Build.0 = Release|Any CPU
		{D1B2C3D4-0001-0000-0000-000000000001}.Release|x86.ActiveCfg = Release|Any CPU
		{D1B2C3D4-0001-0000-0000-000000000001}.Release|x86.Build.0 = Release|Any CPU
		{D1B2C3D4-0006-0000-0000-000000000001}.Debug|Any CPU.ActiveCfg = Debug|Any CPU
		{D1B2C3D4-0006-0000-0000-000000000001}.Debug|Any CPU.Build.0 = Debug|Any CPU
		{D1B2C3D4-0006-0000-0000-000000000001}.Debug|x64.ActiveCfg = Debug|Any CPU
		{D1B2C3D4-0006-0000-0000-000000000001}.Debug|x64.Build.0 = Debug|Any CPU
		{D1B2C3D4-0006-0000-0000-000000000001}.Debug|x86.ActiveCfg = Debug|Any CPU
		{D1B2C3D4-0006-0000-0000-000000000001}.Debug|x86.Build.0 = Debug|Any CPU
		{D1B2C3D4-0006-0000-0000-000000000001}.Release|Any CPU.ActiveCfg = Release|Any CPU
		{D1B2C3D4-0006-0000-0000-000000000001}.Release|Any CPU.Build.0 = Release|Any CPU
		{D1B2C3D4-0006-0000-0000-000000000001}.Release|x64.ActiveCfg = Release|Any CPU
		{D1B2C3D4-0006-0000-0000-000000000001}.Release|x64.Build.0 = Release|Any CPU
		{D1B2C3D4-0006-0000-0000-000000000001}.Release|x86.ActiveCfg = Release|Any CPU
		{D1B2C3D4-0006-0000-0000-000000000001}.Release|x86.Build.0 = Release|Any CPU
		{D1B2C3D4-0007-0000-0000-000000000001}.Debug|Any CPU.ActiveCfg = Debug|Any CPU
		{D1B2C3D4-0007-0000-0000-000000000001}.Debug|Any CPU.Build.0 = Debug|Any CPU
		{D1B2C3D4-0007-0000-0000-000000000001}.Debug|x64.ActiveCfg = Debug|Any CPU
		{D1B2C3D4-0007-0000-0000-000000000001}.Debug|x64.Build.0 = Debug|Any CPU
		{D1B2C3D4-0007-0000-0000-000000000001}.Debug|x86.ActiveCfg = Debug|Any CPU
		{D1B2C3D4-0007-0000-0000-000000000001}.Debug|x86.Build.0 = Debug|Any CPU
		{D1B2C3D4-0007-0000-0000-000000000001}.Release|Any CPU.ActiveCfg = Release|Any CPU
		{D1B2C3D4-0007-0000-0000-000000000001}.Release|Any CPU.Build.0 = Release|Any CPU
		{D1B2C3D4-0007-0000-0000-000000000001}.Release|x64.ActiveCfg = Release|Any CPU
		{D1B2C3D4-0007-0000-0000-000000000001}.Release|x64.Build.0 = Release|Any CPU
		{D1B2C3D4-0007-0000-0000-000000000001}.Release|x86.ActiveCfg = Release|Any CPU
		{D1B2C3D4-0007-0000-0000-000000000001}.Release|x86.Build.0 = Release|Any CPU
		{D1B2C3D4-0008-0000-0000-000000000001}.Debug|Any CPU.ActiveCfg = Debug|Any CPU
		{D1B2C3D4-0008-0000-0000-000000000001}.Debug|Any CPU.Build.0 = Debug|Any CPU
		{D1B2C3D4-0008-0000-0000-000000000001}.Debug|x64.ActiveCfg = Debug|Any CPU
		{D1B2C3D4-0008-0000-0000-000000000001}.Debug|x64.Build.0 = Debug|Any CPU
		{D1B2C3D4-0008-0000-0000-000000000001}.Debug|x86.ActiveCfg = Debug|Any CPU
		{D1B2C3D4-0008-0000-0000-000000000001}.Debug|x86.Build.0 = Debug|Any CPU
		{D1B2C3D4-0008-0000-0000-000000000001}.Release|Any CPU.ActiveCfg = Release|Any CPU
		{D1B2C3D4-0008-0000-0000-000000000001}.Release|Any CPU.Build.0 = Release|Any CPU
		{D1B2C3D4-0008-0000-0000-000000000001}.Release|x64.ActiveCfg = Release|Any CPU
		{D1B2C3D4-0008-0000-0000-000000000001}.Release|x64.Build.0 = Release|Any CPU
		{D1B2C3D4-0008-0000-0000-000000000001}.Release|x86.ActiveCfg = Release|Any CPU
		{D1B2C3D4-0008-0000-0000-000000000001}.Release|x86.Build.0 = Release|Any CPU
		{D1B2C3D4-0009-0000-0000-000000000001}.Debug|Any CPU.ActiveCfg = Debug|Any CPU
		{D1B2C3D4-0009-0000-0000-000000000001}.Debug|Any CPU.Build.0 = Debug|Any CPU
		{D1B2C3D4-0009-0000-0000-000000000001}.Debug|x64.ActiveCfg = Debug|Any CPU
		{D1B2C3D4-0009-0000-0000-000000000001}.Debug|x64.Build.0 = Debug|Any CPU
		{D1B2C3D4-0009-0000-0000-000000000001}.Debug|x86.ActiveCfg = Debug|Any CPU
		{D1B2C3D4-0009-0000-0000-000000000001}.Debug|x86.Build.0 = Debug|Any CPU
		{D1B2C3D4-0009-0000-0000-000000000001}.Release|Any CPU.ActiveCfg = Release|Any CPU
		{D1B2C3D4-0009-0000-0000-000000000001}.Release|Any CPU.Build.0 = Release|Any CPU
		{D1B2C3D4-0009-0000-0000-000000000001}.Release|x64.ActiveCfg = Release|Any CPU
		{D1B2C3D4-0009-0000-0000-000000000001}.Release|x64.Build.0 = Release|Any CPU
		{D1B2C3D4-0009-0000-0000-000000000001}.Release|x86.ActiveCfg = Release|Any CPU
		{D1B2C3D4-0009-0000-0000-000000000001}.Release|x86.Build.0 = Release|Any CPU
		{D1B2C3D4-0010-0000-0000-000000000001}.Debug|Any CPU.ActiveCfg = Debug|Any CPU
		{D1B2C3D4-0010-0000-0000-000000000001}.Debug|Any CPU.Build.0 = Debug|Any CPU
		{D1B2C3D4-0010-0000-0000-000000000001}.Debug|x64.ActiveCfg = Debug|Any CPU
		{D1B2C3D4-0010-0000-0000-000000000001}.Debug|x64.Build.0 = Debug|Any CPU
		{D1B2C3D4-0010-0000-0000-000000000001}.Debug|x86.ActiveCfg = Debug|Any CPU
		{D1B2C3D4-0010-0000-0000-000000000001}.Debug|x86.Build.0 = Debug|Any CPU
		{D1B2C3D4-0010-0000-0000-000000000001}.Release|Any CPU.ActiveCfg = Release|Any CPU
		{D1B2C3D4-0010-0000-0000-000000000001}.Release|Any CPU.Build.0 = Release|Any CPU
		{D1B2C3D4-0010-0000-0000-000000000001}.Release|x64.ActiveCfg = Release|Any CPU
		{D1B2C3D4-0010-0000-0000-000000000001}.Release|x64.Build.0 = Release|Any CPU
		{D1B2C3D4-0010-0000-0000-000000000001}.Release|x86.ActiveCfg = Release|Any CPU
		{D1B2C3D4-0010-0000-0000-000000000001}.Release|x86.Build.0 = Release|Any CPU
		{D1B2C3D4-0011-0000-0000-000000000001}.Debug|Any CPU.ActiveCfg = Debug|Any CPU
		{D1B2C3D4-0011-0000-0000-000000000001}.Debug|Any CPU.Build.0 = Debug|Any CPU
		{D1B2C3D4-0011-0000-0000-000000000001}.Debug|x64.ActiveCfg = Debug|Any CPU
		{D1B2C3D4-0011-0000-0000-000000000001}.Debug|x64.Build.0 = Debug|Any CPU
		{D1B2C3D4-0011-0000-0000-000000000001}.Debug|x86.ActiveCfg = Debug|Any CPU
		{D1B2C3D4-0011-0000-0000-000000000001}.Debug|x86.Build.0 = Debug|Any CPU
		{D1B2C3D4-0011-0000-0000-000000000001}.Release|Any CPU.ActiveCfg = Release|Any CPU
		{D1B2C3D4-0011-0000-0000-000000000001}.Release|Any CPU.Build.0 = Release|Any CPU
		{D1B2C3D4-0011-0000-0000-000000000001}.Release|x64.ActiveCfg = Release|Any CPU
		{D1B2C3D4-0011-0000-0000-000000000001}.Release|x64.Build.0 = Release|Any CPU
		{D1B2C3D4-0011-0000-0000-000000000001}.Release|x86.ActiveCfg = Release|Any CPU
		{D1B2C3D4-0011-0000-0000-000000000001}.Release|x86.Build.0 = Release|Any CPU
		{C6623C2E-3DB5-462B-A6BC-EC14CA4EF31F}.Debug|Any CPU.ActiveCfg = Debug|Any CPU
		{C6623C2E-3DB5-462B-A6BC-EC14CA4EF31F}.Debug|Any CPU.Build.0 = Debug|Any CPU
		{C6623C2E-3DB5-462B-A6BC-EC14CA4EF31F}.Debug|x64.ActiveCfg = Debug|Any CPU
		{C6623C2E-3DB5-462B-A6BC-EC14CA4EF31F}.Debug|x64.Build.0 = Debug|Any CPU
		{C6623C2E-3DB5-462B-A6BC-EC14CA4EF31F}.Debug|x86.ActiveCfg = Debug|Any CPU
		{C6623C2E-3DB5-462B-A6BC-EC14CA4EF31F}.Debug|x86.Build.0 = Debug|Any CPU
		{C6623C2E-3DB5-462B-A6BC-EC14CA4EF31F}.Release|Any CPU.ActiveCfg = Release|Any CPU
		{C6623C2E-3DB5-462B-A6BC-EC14CA4EF31F}.Release|Any CPU.Build.0 = Release|Any CPU
		{C6623C2E-3DB5-462B-A6BC-EC14CA4EF31F}.Release|x64.ActiveCfg = Release|Any CPU
		{C6623C2E-3DB5-462B-A6BC-EC14CA4EF31F}.Release|x64.Build.0 = Release|Any CPU
		{C6623C2E-3DB5-462B-A6BC-EC14CA4EF31F}.Release|x86.ActiveCfg = Release|Any CPU
		{C6623C2E-3DB5-462B-A6BC-EC14CA4EF31F}.Release|x86.Build.0 = Release|Any CPU
		{2E32146B-B973-411D-A4AD-D2A09F4FB336}.Debug|Any CPU.ActiveCfg = Debug|Any CPU
		{2E32146B-B973-411D-A4AD-D2A09F4FB336}.Debug|Any CPU.Build.0 = Debug|Any CPU
		{2E32146B-B973-411D-A4AD-D2A09F4FB336}.Debug|x64.ActiveCfg = Debug|Any CPU
		{2E32146B-B973-411D-A4AD-D2A09F4FB336}.Debug|x64.Build.0 = Debug|Any CPU
		{2E32146B-B973-411D-A4AD-D2A09F4FB336}.Debug|x86.ActiveCfg = Debug|Any CPU
		{2E32146B-B973-411D-A4AD-D2A09F4FB336}.Debug|x86.Build.0 = Debug|Any CPU
		{2E32146B-B973-411D-A4AD-D2A09F4FB336}.Release|Any CPU.ActiveCfg = Release|Any CPU
		{2E32146B-B973-411D-A4AD-D2A09F4FB336}.Release|Any CPU.Build.0 = Release|Any CPU
		{2E32146B-B973-411D-A4AD-D2A09F4FB336}.Release|x64.ActiveCfg = Release|Any CPU
		{2E32146B-B973-411D-A4AD-D2A09F4FB336}.Release|x64.Build.0 = Release|Any CPU
		{2E32146B-B973-411D-A4AD-D2A09F4FB336}.Release|x86.ActiveCfg = Release|Any CPU
		{2E32146B-B973-411D-A4AD-D2A09F4FB336}.Release|x86.Build.0 = Release|Any CPU
		{98D1E135-BB4B-4834-999E-8699A15BEA80}.Debug|Any CPU.ActiveCfg = Debug|Any CPU
		{98D1E135-BB4B-4834-999E-8699A15BEA80}.Debug|Any CPU.Build.0 = Debug|Any CPU
		{98D1E135-BB4B-4834-999E-8699A15BEA80}.Debug|x64.ActiveCfg = Debug|Any CPU
		{98D1E135-BB4B-4834-999E-8699A15BEA80}.Debug|x64.Build.0 = Debug|Any CPU
		{98D1E135-BB4B-4834-999E-8699A15BEA80}.Debug|x86.ActiveCfg = Debug|Any CPU
		{98D1E135-BB4B-4834-999E-8699A15BEA80}.Debug|x86.Build.0 = Debug|Any CPU
		{98D1E135-BB4B-4834-999E-8699A15BEA80}.Release|Any CPU.ActiveCfg = Release|Any CPU
		{98D1E135-BB4B-4834-999E-8699A15BEA80}.Release|Any CPU.Build.0 = Release|Any CPU
		{98D1E135-BB4B-4834-999E-8699A15BEA80}.Release|x64.ActiveCfg = Release|Any CPU
		{98D1E135-BB4B-4834-999E-8699A15BEA80}.Release|x64.Build.0 = Release|Any CPU
		{98D1E135-BB4B-4834-999E-8699A15BEA80}.Release|x86.ActiveCfg = Release|Any CPU
		{98D1E135-BB4B-4834-999E-8699A15BEA80}.Release|x86.Build.0 = Release|Any CPU
		{E28F7058-6D72-4F5B-AA31-1C05382C0DEB}.Debug|Any CPU.ActiveCfg = Debug|Any CPU
		{E28F7058-6D72-4F5B-AA31-1C05382C0DEB}.Debug|Any CPU.Build.0 = Debug|Any CPU
		{E28F7058-6D72-4F5B-AA31-1C05382C0DEB}.Debug|x64.ActiveCfg = Debug|Any CPU
		{E28F7058-6D72-4F5B-AA31-1C05382C0DEB}.Debug|x64.Build.0 = Debug|Any CPU
		{E28F7058-6D72-4F5B-AA31-1C05382C0DEB}.Debug|x86.ActiveCfg = Debug|Any CPU
		{E28F7058-6D72-4F5B-AA31-1C05382C0DEB}.Debug|x86.Build.0 = Debug|Any CPU
		{E28F7058-6D72-4F5B-AA31-1C05382C0DEB}.Release|Any CPU.ActiveCfg = Release|Any CPU
		{E28F7058-6D72-4F5B-AA31-1C05382C0DEB}.Release|Any CPU.Build.0 = Release|Any CPU
		{E28F7058-6D72-4F5B-AA31-1C05382C0DEB}.Release|x64.ActiveCfg = Release|Any CPU
		{E28F7058-6D72-4F5B-AA31-1C05382C0DEB}.Release|x64.Build.0 = Release|Any CPU
		{E28F7058-6D72-4F5B-AA31-1C05382C0DEB}.Release|x86.ActiveCfg = Release|Any CPU
		{E28F7058-6D72-4F5B-AA31-1C05382C0DEB}.Release|x86.Build.0 = Release|Any CPU
	EndGlobalSection
	GlobalSection(SolutionProperties) = preSolution
		HideSolutionNode = FALSE
	EndGlobalSection
	GlobalSection(NestedProjects) = preSolution
		{A1B2C3D4-0002-0000-0000-000000000001} = {A1B2C3D4-0001-0000-0000-000000000001}
		{A1B2C3D4-0003-0000-0000-000000000001} = {A1B2C3D4-0001-0000-0000-000000000001}
		{A1B2C3D4-0004-0000-0000-000000000001} = {A1B2C3D4-0001-0000-0000-000000000001}
		{B1B2C3D4-0001-0000-0000-000000000001} = {A1B2C3D4-0002-0000-0000-000000000001}
		{B1B2C3D4-0002-0000-0000-000000000001} = {A1B2C3D4-0002-0000-0000-000000000001}
		{B1B2C3D4-0003-0000-0000-000000000001} = {A1B2C3D4-0002-0000-0000-000000000001}
		{B1B2C3D4-0004-0000-0000-000000000001} = {A1B2C3D4-0002-0000-0000-000000000001}
		{B1B2C3D4-0005-0000-0000-000000000001} = {A1B2C3D4-0002-0000-0000-000000000001}
		{C1B2C3D4-0001-0000-0000-000000000001} = {A1B2C3D4-0003-0000-0000-000000000001}
		{D1B2C3D4-0001-0000-0000-000000000001} = {A1B2C3D4-0004-0000-0000-000000000001}
		{D1B2C3D4-0006-0000-0000-000000000001} = {A1B2C3D4-0004-0000-0000-000000000001}
		{D1B2C3D4-0007-0000-0000-000000000001} = {654BA843-216D-2CFB-769C-13CCF46B4AFB}
		{D1B2C3D4-0008-0000-0000-000000000001} = {A1B2C3D4-0004-0000-0000-000000000001}
		{D1B2C3D4-0009-0000-0000-000000000001} = {E37856A1-D8E5-A351-1D14-E40614429F7E}
		{D1B2C3D4-0010-0000-0000-000000000001} = {A1B2C3D4-0004-0000-0000-000000000001}
		{D1B2C3D4-0011-0000-0000-000000000001} = {A1B2C3D4-0004-0000-0000-000000000001}
		{F815D76B-7233-1BF6-F864-E6B3BAFC1A20} = {A1B2C3D4-0004-0000-0000-000000000001}
		{C6623C2E-3DB5-462B-A6BC-EC14CA4EF31F} = {F815D76B-7233-1BF6-F864-E6B3BAFC1A20}
		{2E32146B-B973-411D-A4AD-D2A09F4FB336} = {F815D76B-7233-1BF6-F864-E6B3BAFC1A20}
		{E37856A1-D8E5-A351-1D14-E40614429F7E} = {A1B2C3D4-0004-0000-0000-000000000001}
		{98D1E135-BB4B-4834-999E-8699A15BEA80} = {E37856A1-D8E5-A351-1D14-E40614429F7E}
		{654BA843-216D-2CFB-769C-13CCF46B4AFB} = {A1B2C3D4-0004-0000-0000-000000000001}
		{E28F7058-6D72-4F5B-AA31-1C05382C0DEB} = {654BA843-216D-2CFB-769C-13CCF46B4AFB}
	EndGlobalSection
EndGlobal
